
Microsoft Visual Studio Solution File, Format Version 12.00
# Visual Studio Version 17
VisualStudioVersion = 17.9.34728.123
MinimumVisualStudioVersion = 10.0.40219.1
Project("{FAE04EC0-301F-11D3-BF4B-00C04F79EFBC}") = "Inheritance", "Inheritance\Inheritance.csproj", "{7F75DF85-7DAA-44CB-9ED5-D1C3FA0CF2A3}"
EndProject
Project("{FAE04EC0-301F-11D3-BF4B-00C04F79EFBC}") = "Abstract", "Abstract\Abstract.csproj", "{1DFC6E30-8CE2-437C-BE24-174FA47E50C0}"
EndProject
Project("{FAE04EC0-301F-11D3-BF4B-00C04F79EFBC}") = "Interface", "Interface\Interface.csproj", "{4D4862B0-17BB-4677-9DB5-E867F6D4BD22}"
EndProject
Project("{FAE04EC0-301F-11D3-BF4B-00C04F79EFBC}") = "Default", "Default\Default.csproj", "{6B8C05D3-1CF3-461F-9FB9-CDB2778F47C2}"
EndProject
Project("{FAE04EC0-301F-11D3-BF4B-00C04F79EFBC}") = "IsAndAs", "IsAndAs\IsAndAs.csproj", "{13C94B29-114E-4856-BAD8-1BA3246A7701}"
EndProject
Global
	GlobalSection(SolutionConfigurationPlatforms) = preSolution
		Debug|Any CPU = Debug|Any CPU
		Release|Any CPU = Release|Any CPU
	EndGlobalSection
	GlobalSection(ProjectConfigurationPlatforms) = postSolution
		{7F75DF85-7DAA-44CB-9ED5-D1C3FA0CF2A3}.Debug|Any CPU.ActiveCfg = Debug|Any CPU
		{7F75DF85-7DAA-44CB-9ED5-D1C3FA0CF2A3}.Debug|Any CPU.Build.0 = Debug|Any CPU
		{7F75DF85-7DAA-44CB-9ED5-D1C3FA0CF2A3}.Release|Any CPU.ActiveCfg = Release|Any CPU
		{7F75DF85-7DAA-44CB-9ED5-D1C3FA0CF2A3}.Release|Any CPU.Build.0 = Release|Any CPU
		{1DFC6E30-8CE2-437C-BE24-174FA47E50C0}.Debug|Any CPU.ActiveCfg = Debug|Any CPU
		{1DFC6E30-8CE2-437C-BE24-174FA47E50C0}.Debug|Any CPU.Build.0 = Debug|Any CPU
		{1DFC6E30-8CE2-437C-BE24-174FA47E50C0}.Release|Any CPU.ActiveCfg = Release|Any CPU
		{1DFC6E30-8CE2-437C-BE24-174FA47E50C0}.Release|Any CPU.Build.0 = Release|Any CPU
		{4D4862B0-17BB-4677-9DB5-E867F6D4BD22}.Debug|Any CPU.ActiveCfg = Debug|Any CPU
		{4D4862B0-17BB-4677-9DB5-E867F6D4BD22}.Debug|Any CPU.Build.0 = Debug|Any CPU
		{4D4862B0-17BB-4677-9DB5-E867F6D4BD22}.Release|Any CPU.ActiveCfg = Release|Any CPU
		{4D4862B0-17BB-4677-9DB5-E867F6D4BD22}.Release|Any CPU.Build.0 = Release|Any CPU
		{6B8C05D3-1CF3-461F-9FB9-CDB2778F47C2}.Debug|Any CPU.ActiveCfg = Debug|Any CPU
		{6B8C05D3-1CF3-461F-9FB9-CDB2778F47C2}.Debug|Any CPU.Build.0 = Debug|Any CPU
		{6B8C05D3-1CF3-461F-9FB9-CDB2778F47C2}.Release|Any CPU.ActiveCfg = Release|Any CPU
		{6B8C05D3-1CF3-461F-9FB9-CDB2778F47C2}.Release|Any CPU.Build.0 = Release|Any CPU
		{13C94B29-114E-4856-BAD8-1BA3246A7701}.Debug|Any CPU.ActiveCfg = Debug|Any CPU
		{13C94B29-114E-4856-BAD8-1BA3246A7701}.Debug|Any CPU.Build.0 = Debug|Any CPU
		{13C94B29-114E-4856-BAD8-1BA3246A7701}.Release|Any CPU.ActiveCfg = Release|Any CPU
		{13C94B29-114E-4856-BAD8-1BA3246A7701}.Release|Any CPU.Build.0 = Release|Any CPU
	EndGlobalSection
	GlobalSection(SolutionProperties) = preSolution
		HideSolutionNode = FALSE
	EndGlobalSection
	GlobalSection(ExtensibilityGlobals) = postSolution
		SolutionGuid = {902F424F-D651-4A3A-A214-CE24DF612A5B}
	EndGlobalSection
EndGlobal
