
Microsoft Visual Studio Solution File, Format Version 12.00
# Visual Studio Version 17
VisualStudioVersion = 17.9.34728.123
MinimumVisualStudioVersion = 10.0.40219.1
Project("{FAE04EC0-301F-11D3-BF4B-00C04F79EFBC}") = "LoginUsingMiddleware", "LoginUsingMiddleware\LoginUsingMiddleware.csproj", "{210328BF-7718-44F0-A7D7-C3C39D7B50D3}"
EndProject
Global
	GlobalSection(SolutionConfigurationPlatforms) = preSolution
		Debug|Any CPU = Debug|Any CPU
		Release|Any CPU = Release|Any CPU
	EndGlobalSection
	GlobalSection(ProjectConfigurationPlatforms) = postSolution
		{210328BF-7718-44F0-A7D7-C3C39D7B50D3}.Debug|Any CPU.ActiveCfg = Debug|Any CPU
		{210328BF-7718-44F0-A7D7-C3C39D7B50D3}.Debug|Any CPU.Build.0 = Debug|Any CPU
		{210328BF-7718-44F0-A7D7-C3C39D7B50D3}.Release|Any CPU.ActiveCfg = Release|Any CPU
		{210328BF-7718-44F0-A7D7-C3C39D7B50D3}.Release|Any CPU.Build.0 = Release|Any CPU
	EndGlobalSection
	GlobalSection(SolutionProperties) = preSolution
		HideSolutionNode = FALSE
	EndGlobalSection
	GlobalSection(ExtensibilityGlobals) = postSolution
		SolutionGuid = {FCD950B9-B64E-43A5-97A8-7966F39695B0}
	EndGlobalSection
EndGlobal
