
Microsoft Visual Studio Solution File, Format Version 12.00
# Visual Studio Version 17
VisualStudioVersion = 17.9.34728.123
MinimumVisualStudioVersion = 10.0.40219.1
Project("{FAE04EC0-301F-11D3-BF4B-00C04F79EFBC}") = "DependencyInjectionExample", "DependencyInjectionExample\DependencyInjectionExample.csproj", "{38D44330-5EB5-43BF-A48D-FC88D2775DF6}"
EndProject
Project("{FAE04EC0-301F-11D3-BF4B-00C04F79EFBC}") = "Services", "Services\Services.csproj", "{A58A3FD3-AD0B-4A0D-8E72-E2CA9CD6A13A}"
EndProject
Project("{FAE04EC0-301F-11D3-BF4B-00C04F79EFBC}") = "ServiceContracts", "ServiceContracts\ServiceContracts.csproj", "{C2671AED-622E-4EA6-9A86-B2C8B57C7EB6}"
EndProject
Global
	GlobalSection(SolutionConfigurationPlatforms) = preSolution
		Debug|Any CPU = Debug|Any CPU
		Release|Any CPU = Release|Any CPU
	EndGlobalSection
	GlobalSection(ProjectConfigurationPlatforms) = postSolution
		{38D44330-5EB5-43BF-A48D-FC88D2775DF6}.Debug|Any CPU.ActiveCfg = Debug|Any CPU
		{38D44330-5EB5-43BF-A48D-FC88D2775DF6}.Debug|Any CPU.Build.0 = Debug|Any CPU
		{38D44330-5EB5-43BF-A48D-FC88D2775DF6}.Release|Any CPU.ActiveCfg = Release|Any CPU
		{38D44330-5EB5-43BF-A48D-FC88D2775DF6}.Release|Any CPU.Build.0 = Release|Any CPU
		{A58A3FD3-AD0B-4A0D-8E72-E2CA9CD6A13A}.Debug|Any CPU.ActiveCfg = Debug|Any CPU
		{A58A3FD3-AD0B-4A0D-8E72-E2CA9CD6A13A}.Debug|Any CPU.Build.0 = Debug|Any CPU
		{A58A3FD3-AD0B-4A0D-8E72-E2CA9CD6A13A}.Release|Any CPU.ActiveCfg = Release|Any CPU
		{A58A3FD3-AD0B-4A0D-8E72-E2CA9CD6A13A}.Release|Any CPU.Build.0 = Release|Any CPU
		{C2671AED-622E-4EA6-9A86-B2C8B57C7EB6}.Debug|Any CPU.ActiveCfg = Debug|Any CPU
		{C2671AED-622E-4EA6-9A86-B2C8B57C7EB6}.Debug|Any CPU.Build.0 = Debug|Any CPU
		{C2671AED-622E-4EA6-9A86-B2C8B57C7EB6}.Release|Any CPU.ActiveCfg = Release|Any CPU
		{C2671AED-622E-4EA6-9A86-B2C8B57C7EB6}.Release|Any CPU.Build.0 = Release|Any CPU
	EndGlobalSection
	GlobalSection(SolutionProperties) = preSolution
		HideSolutionNode = FALSE
	EndGlobalSection
	GlobalSection(ExtensibilityGlobals) = postSolution
		SolutionGuid = {BCFE8996-AC78-4DF1-8F6F-FC46F2097EE4}
	EndGlobalSection
EndGlobal
