
Microsoft Visual Studio Solution File, Format Version 12.00
# Visual Studio Version 17
VisualStudioVersion = 17.10.35122.118
MinimumVisualStudioVersion = 10.0.40219.1
Project("{FAE04EC0-301F-11D3-BF4B-00C04F79EFBC}") = "Method", "Method\Method.csproj", "{465BF517-F1A0-4C55-84D4-DDB83C1D3688}"
EndProject
Global
	GlobalSection(SolutionConfigurationPlatforms) = preSolution
		Debug|Any CPU = Debug|Any CPU
		Release|Any CPU = Release|Any CPU
	EndGlobalSection
	GlobalSection(ProjectConfigurationPlatforms) = postSolution
		{465BF517-F1A0-4C55-84D4-DDB83C1D3688}.Debug|Any CPU.ActiveCfg = Debug|Any CPU
		{465BF517-F1A0-4C55-84D4-DDB83C1D3688}.Debug|Any CPU.Build.0 = Debug|Any CPU
		{465BF517-F1A0-4C55-84D4-DDB83C1D3688}.Release|Any CPU.ActiveCfg = Release|Any CPU
		{465BF517-F1A0-4C55-84D4-DDB83C1D3688}.Release|Any CPU.Build.0 = Release|Any CPU
	EndGlobalSection
	GlobalSection(SolutionProperties) = preSolution
		HideSolutionNode = FALSE
	EndGlobalSection
	GlobalSection(ExtensibilityGlobals) = postSolution
		SolutionGuid = {D880BD9F-7618-4B03-9066-74C4F1875498}
	EndGlobalSection
EndGlobal
