
Microsoft Visual Studio Solution File, Format Version 12.00
# Visual Studio Version 17
VisualStudioVersion = 17.9.34728.123
MinimumVisualStudioVersion = 10.0.40219.1
Project("{FAE04EC0-301F-11D3-BF4B-00C04F79EFBC}") = "DiceRollGame", "DiceRollGame\DiceRollGame.csproj", "{B1338C5F-D80C-4959-AAB8-26B1359437F1}"
EndProject
Global
	GlobalSection(SolutionConfigurationPlatforms) = preSolution
		Debug|Any CPU = Debug|Any CPU
		Release|Any CPU = Release|Any CPU
	EndGlobalSection
	GlobalSection(ProjectConfigurationPlatforms) = postSolution
		{B1338C5F-D80C-4959-AAB8-26B1359437F1}.Debug|Any CPU.ActiveCfg = Debug|Any CPU
		{B1338C5F-D80C-4959-AAB8-26B1359437F1}.Debug|Any CPU.Build.0 = Debug|Any CPU
		{B1338C5F-D80C-4959-AAB8-26B1359437F1}.Release|Any CPU.ActiveCfg = Release|Any CPU
		{B1338C5F-D80C-4959-AAB8-26B1359437F1}.Release|Any CPU.Build.0 = Release|Any CPU
	EndGlobalSection
	GlobalSection(SolutionProperties) = preSolution
		HideSolutionNode = FALSE
	EndGlobalSection
	GlobalSection(ExtensibilityGlobals) = postSolution
		SolutionGuid = {4C733946-7242-4995-B733-4AAE12322347}
	EndGlobalSection
EndGlobal
