
Microsoft Visual Studio Solution File, Format Version 12.00
# Visual Studio Version 17
VisualStudioVersion = 17.9.34728.123
MinimumVisualStudioVersion = 10.0.40219.1
Project("{FAE04EC0-301F-11D3-BF4B-00C04F79EFBC}") = "BookManagement", "BookManagement\BookManagement.csproj", "{73117870-8231-43C3-A1EB-865C1FAB7665}"
EndProject
Project("{FAE04EC0-301F-11D3-BF4B-00C04F79EFBC}") = "Repositories", "Repositories\Repositories.csproj", "{4BF56F53-14AE-40ED-BAED-68BF04DBA64A}"
EndProject
Project("{FAE04EC0-301F-11D3-BF4B-00C04F79EFBC}") = "Services", "Services\Services.csproj", "{42FAACE6-012E-4883-A383-CEE3226B7510}"
EndProject
Global
	GlobalSection(SolutionConfigurationPlatforms) = preSolution
		Debug|Any CPU = Debug|Any CPU
		Release|Any CPU = Release|Any CPU
	EndGlobalSection
	GlobalSection(ProjectConfigurationPlatforms) = postSolution
		{73117870-8231-43C3-A1EB-865C1FAB7665}.Debug|Any CPU.ActiveCfg = Debug|Any CPU
		{73117870-8231-43C3-A1EB-865C1FAB7665}.Debug|Any CPU.Build.0 = Debug|Any CPU
		{73117870-8231-43C3-A1EB-865C1FAB7665}.Release|Any CPU.ActiveCfg = Release|Any CPU
		{73117870-8231-43C3-A1EB-865C1FAB7665}.Release|Any CPU.Build.0 = Release|Any CPU
		{4BF56F53-14AE-40ED-BAED-68BF04DBA64A}.Debug|Any CPU.ActiveCfg = Debug|Any CPU
		{4BF56F53-14AE-40ED-BAED-68BF04DBA64A}.Debug|Any CPU.Build.0 = Debug|Any CPU
		{4BF56F53-14AE-40ED-BAED-68BF04DBA64A}.Release|Any CPU.ActiveCfg = Release|Any CPU
		{4BF56F53-14AE-40ED-BAED-68BF04DBA64A}.Release|Any CPU.Build.0 = Release|Any CPU
		{42FAACE6-012E-4883-A383-CEE3226B7510}.Debug|Any CPU.ActiveCfg = Debug|Any CPU
		{42FAACE6-012E-4883-A383-CEE3226B7510}.Debug|Any CPU.Build.0 = Debug|Any CPU
		{42FAACE6-012E-4883-A383-CEE3226B7510}.Release|Any CPU.ActiveCfg = Release|Any CPU
		{42FAACE6-012E-4883-A383-CEE3226B7510}.Release|Any CPU.Build.0 = Release|Any CPU
	EndGlobalSection
	GlobalSection(SolutionProperties) = preSolution
		HideSolutionNode = FALSE
	EndGlobalSection
	GlobalSection(ExtensibilityGlobals) = postSolution
		SolutionGuid = {0E2D2108-D6FD-4E26-8897-20D746218836}
	EndGlobalSection
EndGlobal
