
Microsoft Visual Studio Solution File, Format Version 12.00
# Visual Studio Version 17
VisualStudioVersion = 17.10.35122.118
MinimumVisualStudioVersion = 10.0.40219.1
Project("{FAE04EC0-301F-11D3-BF4B-00C04F79EFBC}") = "Lambda", "Lambda\Lambda.csproj", "{89C882CA-0CC1-4C5A-A798-9418EAB939FB}"
EndProject
Global
	GlobalSection(SolutionConfigurationPlatforms) = preSolution
		Debug|Any CPU = Debug|Any CPU
		Release|Any CPU = Release|Any CPU
	EndGlobalSection
	GlobalSection(ProjectConfigurationPlatforms) = postSolution
		{89C882CA-0CC1-4C5A-A798-9418EAB939FB}.Debug|Any CPU.ActiveCfg = Debug|Any CPU
		{89C882CA-0CC1-4C5A-A798-9418EAB939FB}.Debug|Any CPU.Build.0 = Debug|Any CPU
		{89C882CA-0CC1-4C5A-A798-9418EAB939FB}.Release|Any CPU.ActiveCfg = Release|Any CPU
		{89C882CA-0CC1-4C5A-A798-9418EAB939FB}.Release|Any CPU.Build.0 = Release|Any CPU
	EndGlobalSection
	GlobalSection(SolutionProperties) = preSolution
		HideSolutionNode = FALSE
	EndGlobalSection
	GlobalSection(ExtensibilityGlobals) = postSolution
		SolutionGuid = {A0085C96-FA54-47FB-BE50-46CB3450FAA4}
	EndGlobalSection
EndGlobal
